
Microsoft Visual Studio Solution File, Format Version 12.00
Project("{FAE04EC0-301F-11D3-BF4B-00C04F79EFBC}") = "cards", "cards\cards.csproj", "{8C36CAF5-4214-4711-9149-B5B27F3F0E47}"
EndProject
Global
	GlobalSection(SolutionConfigurationPlatforms) = preSolution
		Debug|Any CPU = Debug|Any CPU
		Release|Any CPU = Release|Any CPU
	EndGlobalSection
	GlobalSection(ProjectConfigurationPlatforms) = postSolution
		{8C36CAF5-4214-4711-9149-B5B27F3F0E47}.Debug|Any CPU.ActiveCfg = Debug|Any CPU
		{8C36CAF5-4214-4711-9149-B5B27F3F0E47}.Debug|Any CPU.Build.0 = Debug|Any CPU
		{8C36CAF5-4214-4711-9149-B5B27F3F0E47}.Release|Any CPU.ActiveCfg = Release|Any CPU
		{8C36CAF5-4214-4711-9149-B5B27F3F0E47}.Release|Any CPU.Build.0 = Release|Any CPU
	EndGlobalSection
EndGlobal
